Microsoft Visual Studio Solution File, Format Version 12.00
# Visual Studio Version 17
VisualStudioVersion = 17.5.2.0
MinimumVisualStudioVersion = 10.0.40219.1
Project("{FAE04EC0-301F-11D3-BF4B-00C04F79EFBC}") = "WSServerInfo", "WSServerInfo.csproj", "{71FA41FD-2CBC-A824-38A1-A3B275210BE3}"
EndProject
Global
	GlobalSection(SolutionConfigurationPlatforms) = preSolution
		Debug|Any CPU = Debug|Any CPU
		Release|Any CPU = Release|Any CPU
	EndGlobalSection
	GlobalSection(ProjectConfigurationPlatforms) = postSolution
		{71FA41FD-2CBC-A824-38A1-A3B275210BE3}.Debug|Any CPU.ActiveCfg = Debug|Any CPU
		{71FA41FD-2CBC-A824-38A1-A3B275210BE3}.Debug|Any CPU.Build.0 = Debug|Any CPU
		{71FA41FD-2CBC-A824-38A1-A3B275210BE3}.Release|Any CPU.ActiveCfg = Release|Any CPU
		{71FA41FD-2CBC-A824-38A1-A3B275210BE3}.Release|Any CPU.Build.0 = Release|Any CPU
	EndGlobalSection
	GlobalSection(SolutionProperties) = preSolution
		HideSolutionNode = FALSE
	EndGlobalSection
	GlobalSection(ExtensibilityGlobals) = postSolution
		SolutionGuid = {C3210F89-6BA5-40CA-8AD6-2933FFE26144}
	EndGlobalSection
EndGlobal
